
Microsoft Visual Studio Solution File, Format Version 12.00
# Visual Studio 15
VisualStudioVersion = 15.0.28010.2016
MinimumVisualStudioVersion = 10.0.40219.1
Project("{FAE04EC0-301F-11D3-BF4B-00C04F79EFBC}") = "5.1", "5.1\5.1.csproj", "{A267A852-840A-4B1C-B09C-552E28C10060}"
EndProject
Project("{FAE04EC0-301F-11D3-BF4B-00C04F79EFBC}") = "5.2", "5.2\5.2.csproj", "{8AEA1335-1F1A-422F-8164-7694DDC5261C}"
EndProject
Project("{FAE04EC0-301F-11D3-BF4B-00C04F79EFBC}") = "test", "test\test.csproj", "{EF2BC700-ED65-43E3-B85C-EAD34C0D9595}"
EndProject
Project("{FAE04EC0-301F-11D3-BF4B-00C04F79EFBC}") = "5.3", "5.3\5.3.csproj", "{7303CC87-2E2B-4AE4-B3F1-E9138B7CAB84}"
EndProject
Project("{FAE04EC0-301F-11D3-BF4B-00C04F79EFBC}") = "5.4", "5.4\5.4.csproj", "{B03D49F1-593D-47B5-8139-ABC519A8CA93}"
EndProject
Global
	GlobalSection(SolutionConfigurationPlatforms) = preSolution
		Debug|Any CPU = Debug|Any CPU
		Release|Any CPU = Release|Any CPU
	EndGlobalSection
	GlobalSection(ProjectConfigurationPlatforms) = postSolution
		{A267A852-840A-4B1C-B09C-552E28C10060}.Debug|Any CPU.ActiveCfg = Debug|Any CPU
		{A267A852-840A-4B1C-B09C-552E28C10060}.Debug|Any CPU.Build.0 = Debug|Any CPU
		{A267A852-840A-4B1C-B09C-552E28C10060}.Release|Any CPU.ActiveCfg = Release|Any CPU
		{A267A852-840A-4B1C-B09C-552E28C10060}.Release|Any CPU.Build.0 = Release|Any CPU
		{8AEA1335-1F1A-422F-8164-7694DDC5261C}.Debug|Any CPU.ActiveCfg = Debug|Any CPU
		{8AEA1335-1F1A-422F-8164-7694DDC5261C}.Debug|Any CPU.Build.0 = Debug|Any CPU
		{8AEA1335-1F1A-422F-8164-7694DDC5261C}.Release|Any CPU.ActiveCfg = Release|Any CPU
		{8AEA1335-1F1A-422F-8164-7694DDC5261C}.Release|Any CPU.Build.0 = Release|Any CPU
		{EF2BC700-ED65-43E3-B85C-EAD34C0D9595}.Debug|Any CPU.ActiveCfg = Debug|Any CPU
		{EF2BC700-ED65-43E3-B85C-EAD34C0D9595}.Debug|Any CPU.Build.0 = Debug|Any CPU
		{EF2BC700-ED65-43E3-B85C-EAD34C0D9595}.Release|Any CPU.ActiveCfg = Release|Any CPU
		{EF2BC700-ED65-43E3-B85C-EAD34C0D9595}.Release|Any CPU.Build.0 = Release|Any CPU
		{7303CC87-2E2B-4AE4-B3F1-E9138B7CAB84}.Debug|Any CPU.ActiveCfg = Debug|Any CPU
		{7303CC87-2E2B-4AE4-B3F1-E9138B7CAB84}.Debug|Any CPU.Build.0 = Debug|Any CPU
		{7303CC87-2E2B-4AE4-B3F1-E9138B7CAB84}.Release|Any CPU.ActiveCfg = Release|Any CPU
		{7303CC87-2E2B-4AE4-B3F1-E9138B7CAB84}.Release|Any CPU.Build.0 = Release|Any CPU
		{B03D49F1-593D-47B5-8139-ABC519A8CA93}.Debug|Any CPU.ActiveCfg = Debug|Any CPU
		{B03D49F1-593D-47B5-8139-ABC519A8CA93}.Debug|Any CPU.Build.0 = Debug|Any CPU
		{B03D49F1-593D-47B5-8139-ABC519A8CA93}.Release|Any CPU.ActiveCfg = Release|Any CPU
		{B03D49F1-593D-47B5-8139-ABC519A8CA93}.Release|Any CPU.Build.0 = Release|Any CPU
	EndGlobalSection
	GlobalSection(SolutionProperties) = preSolution
		HideSolutionNode = FALSE
	EndGlobalSection
	GlobalSection(ExtensibilityGlobals) = postSolution
		SolutionGuid = {65D6DD2F-5BFF-404F-B5C6-C7D84087541F}
	EndGlobalSection
EndGlobal
