
Microsoft Visual Studio Solution File, Format Version 12.00
# Visual Studio 15
Project("{FAE04EC0-301F-11D3-BF4B-00C04F79EFBC}") = "assignment", "assignment\assignment.csproj", "{CE2E699F-4DB8-4BAD-96A5-C79667BF7A1F}"
EndProject
Global
	GlobalSection(SolutionConfigurationPlatforms) = preSolution
		Debug|x86 = Debug|x86
		Release|x86 = Release|x86
	EndGlobalSection
	GlobalSection(ProjectConfigurationPlatforms) = postSolution
		{CE2E699F-4DB8-4BAD-96A5-C79667BF7A1F}.Debug|x86.ActiveCfg = Debug|x86
		{CE2E699F-4DB8-4BAD-96A5-C79667BF7A1F}.Debug|x86.Build.0 = Debug|x86
		{CE2E699F-4DB8-4BAD-96A5-C79667BF7A1F}.Release|x86.ActiveCfg = Release|x86
		{CE2E699F-4DB8-4BAD-96A5-C79667BF7A1F}.Release|x86.Build.0 = Release|x86
	EndGlobalSection
EndGlobal
