Microsoft Visual Studio Solution File, Format Version 12.00
# Visual Studio 15
VisualStudioVersion = 15.0.28307.645
MinimumVisualStudioVersion = 10.0.40219.1
Project("{FAE04EC0-301F-11D3-BF4B-00C04F79EFBC}") = "Assignment 1", "Assignment 1\Assignment 1.csproj", "{38BBD512-DDA8-4117-B073-3671A4236558}"
EndProject
Project("{FAE04EC0-301F-11D3-BF4B-00C04F79EFBC}") = "MVC", "MVC\MVC.csproj", "{0E1BE547-2327-4DD1-ACB2-9ABA74DC2DED}"
EndProject
Global
	GlobalSection(SolutionConfigurationPlatforms) = preSolution
		Debug|Any CPU = Debug|Any CPU
		Debug|x86 = Debug|x86
		Release|Any CPU = Release|Any CPU
		Release|x86 = Release|x86
	EndGlobalSection
	GlobalSection(ProjectConfigurationPlatforms) = postSolution
		{38BBD512-DDA8-4117-B073-3671A4236558}.Debug|Any CPU.ActiveCfg = Debug|Any CPU
		{38BBD512-DDA8-4117-B073-3671A4236558}.Debug|Any CPU.Build.0 = Debug|Any CPU
		{38BBD512-DDA8-4117-B073-3671A4236558}.Debug|x86.ActiveCfg = Debug|Any CPU
		{38BBD512-DDA8-4117-B073-3671A4236558}.Debug|x86.Build.0 = Debug|Any CPU
		{38BBD512-DDA8-4117-B073-3671A4236558}.Release|Any CPU.ActiveCfg = Release|Any CPU
		{38BBD512-DDA8-4117-B073-3671A4236558}.Release|Any CPU.Build.0 = Release|Any CPU
		{38BBD512-DDA8-4117-B073-3671A4236558}.Release|x86.ActiveCfg = Release|Any CPU
		{38BBD512-DDA8-4117-B073-3671A4236558}.Release|x86.Build.0 = Release|Any CPU
		{0E1BE547-2327-4DD1-ACB2-9ABA74DC2DED}.Debug|Any CPU.ActiveCfg = Debug|Any CPU
		{0E1BE547-2327-4DD1-ACB2-9ABA74DC2DED}.Debug|Any CPU.Build.0 = Debug|Any CPU
		{0E1BE547-2327-4DD1-ACB2-9ABA74DC2DED}.Debug|x86.ActiveCfg = Debug|Any CPU
		{0E1BE547-2327-4DD1-ACB2-9ABA74DC2DED}.Debug|x86.Build.0 = Debug|Any CPU
		{0E1BE547-2327-4DD1-ACB2-9ABA74DC2DED}.Release|Any CPU.ActiveCfg = Release|Any CPU
		{0E1BE547-2327-4DD1-ACB2-9ABA74DC2DED}.Release|Any CPU.Build.0 = Release|Any CPU
		{0E1BE547-2327-4DD1-ACB2-9ABA74DC2DED}.Release|x86.ActiveCfg = Release|Any CPU
		{0E1BE547-2327-4DD1-ACB2-9ABA74DC2DED}.Release|x86.Build.0 = Release|Any CPU
	EndGlobalSection
	GlobalSection(SolutionProperties) = preSolution
		HideSolutionNode = FALSE
	EndGlobalSection
	GlobalSection(ExtensibilityGlobals) = postSolution
		SolutionGuid = {7C9515F8-2C8C-45B8-96D8-294858F66701}
	EndGlobalSection
EndGlobal
